<?xml version="1.0" encoding="utf-8"?>
<Project ToolsVersion="4.0" xmlns:atg="http://atg.xbox.com" xmlns="http://schemas.microsoft.com/developer/msbuild/2003">
  <ItemGroup>
    <Filter Include="Resource Files">
      <UniqueIdentifier>{8e114980-c1a3-4ada-ad7c-83caadf5daeb}</UniqueIdentifier>
      <Extensions>rc;ico;cur;bmp;dlg;rc2;rct;bin;rgs;gif;jpg;jpeg;jpe</Extensions>
    </Filter>
    <Filter Include="Source">
      <UniqueIdentifier>{67a41f28-9759-47d6-ab42-66e90499f213}</UniqueIdentifier>
    </Filter>
    <Filter Include="_Libs">
      <UniqueIdentifier>{f458ef6b-3879-45a1-b690-bb3675eea367}</UniqueIdentifier>
    </Filter>
    <Filter Include="_Libs\DXTex">
      <UniqueIdentifier>{063abded-1e9f-4773-8d38-ba7586801519}</UniqueIdentifier>
    </Filter>
    <Filter Include="_Libs\DXTex\include">
      <UniqueIdentifier>{53b8b990-b8c5-4532-ab03-e7130aa67d93}</UniqueIdentifier>
    </Filter>
    <Filter Include="_Libs\DXTex\lib">
      <UniqueIdentifier>{7cb16f48-c669-45bb-9628-6acd1c0caf48}</UniqueIdentifier>
    </Filter>
    <Filter Include="_Libs\File">
      <UniqueIdentifier>{2456a3dc-556e-4c00-a0fb-ab1ff1e50f71}</UniqueIdentifier>
    </Filter>
    <Filter Include="_Libs\File\include">
      <UniqueIdentifier>{1c2fab60-77e2-45d3-be75-f90deb7fb424}</UniqueIdentifier>
    </Filter>
    <Filter Include="_Libs\File\lib">
      <UniqueIdentifier>{b651abad-1452-4d78-91fb-153a763f0d30}</UniqueIdentifier>
    </Filter>
    <Filter Include="Source\Main DX App">
      <UniqueIdentifier>{2b220d25-da3f-4235-b289-0c75799ee22c}</UniqueIdentifier>
    </Filter>
    <Filter Include="Shaders">
      <UniqueIdentifier>{7b94717d-e347-4c1b-b644-f822ad171613}</UniqueIdentifier>
    </Filter>
    <Filter Include="Diagrams">
      <UniqueIdentifier>{9d2b7810-f42c-4448-8ba3-aaddda4ea0a0}</UniqueIdentifier>
    </Filter>
    <Filter Include="_Libs\FBX">
      <UniqueIdentifier>{2586c888-b048-4f8e-8d1a-f58ab2f804ca}</UniqueIdentifier>
    </Filter>
    <Filter Include="_Libs\FBX\lib">
      <UniqueIdentifier>{d4ab3b2e-9e04-463c-8774-df03ee0defca}</UniqueIdentifier>
    </Filter>
    <Filter Include="_Libs\FBX\include">
      <UniqueIdentifier>{0c0bfd7e-ecb5-4fa0-9b02-26f0cd441916}</UniqueIdentifier>
    </Filter>
    <Filter Include="Source\Graphics">
      <UniqueIdentifier>{4d8da592-27f6-4b1c-96e6-44288786326e}</UniqueIdentifier>
    </Filter>
    <Filter Include="Source\Graphics\GraphicObject">
      <UniqueIdentifier>{63ff5b21-e702-4450-bc34-3c3a50f96be0}</UniqueIdentifier>
    </Filter>
    <Filter Include="Source\Graphics\Math">
      <UniqueIdentifier>{22d38477-287a-4041-bb23-5a99948c7939}</UniqueIdentifier>
    </Filter>
    <Filter Include="Source\Graphics\Model">
      <UniqueIdentifier>{0377c4e8-3072-445b-ab53-b04373828c75}</UniqueIdentifier>
    </Filter>
    <Filter Include="Source\Graphics\Shader">
      <UniqueIdentifier>{cd4801cc-cbb0-42e9-b86e-b521fcb97831}</UniqueIdentifier>
    </Filter>
    <Filter Include="Source\Graphics\Texture">
      <UniqueIdentifier>{1a66ea2c-b7e6-4981-b52e-52a455d934f0}</UniqueIdentifier>
    </Filter>
  </ItemGroup>
  <ItemGroup>
    <ClCompile Include="MainWindow.cpp" />
    <ClCompile Include="..\src\EyeballRing.cpp" />
    <ClCompile Include="..\src\Worm.cpp" />
    <ClCompile Include="..\src\DXApp.cpp">
      <Filter>Source\Main DX App</Filter>
    </ClCompile>
    <ClCompile Include="..\src\Graphics\GraphicObject\GraphicObject_Base.cpp">
      <Filter>Source\Graphics\GraphicObject</Filter>
    </ClCompile>
    <ClCompile Include="..\src\Graphics\GraphicObject\GraphicObject_Color.cpp">
      <Filter>Source\Graphics\GraphicObject</Filter>
    </ClCompile>
    <ClCompile Include="..\src\Graphics\GraphicObject\GraphicObject_ColorLight.cpp">
      <Filter>Source\Graphics\GraphicObject</Filter>
    </ClCompile>
    <ClCompile Include="..\src\Graphics\GraphicObject\GraphicObject_Sprite.cpp">
      <Filter>Source\Graphics\GraphicObject</Filter>
    </ClCompile>
    <ClCompile Include="..\src\Graphics\GraphicObject\GraphicObject_Texture.cpp">
      <Filter>Source\Graphics\GraphicObject</Filter>
    </ClCompile>
    <ClCompile Include="..\src\Graphics\GraphicObject\GraphicObject_TextureLight.cpp">
      <Filter>Source\Graphics\GraphicObject</Filter>
    </ClCompile>
    <ClCompile Include="..\src\Graphics\GraphicObject\GraphicObject_Wireframe.cpp">
      <Filter>Source\Graphics\GraphicObject</Filter>
    </ClCompile>
    <ClCompile Include="..\src\Graphics\Math\Matrix.cpp">
      <Filter>Source\Graphics\Math</Filter>
    </ClCompile>
    <ClCompile Include="..\src\Graphics\Math\Quat.cpp">
      <Filter>Source\Graphics\Math</Filter>
    </ClCompile>
    <ClCompile Include="..\src\Graphics\Math\Vect.cpp">
      <Filter>Source\Graphics\Math</Filter>
    </ClCompile>
    <ClCompile Include="..\src\Graphics\Model\FbxModelLoader.cpp">
      <Filter>Source\Graphics\Model</Filter>
    </ClCompile>
    <ClCompile Include="..\src\Graphics\Model\MeshSeparator.cpp">
      <Filter>Source\Graphics\Model</Filter>
    </ClCompile>
    <ClCompile Include="..\src\Graphics\Model\Model.cpp">
      <Filter>Source\Graphics\Model</Filter>
    </ClCompile>
    <ClCompile Include="..\src\Graphics\Model\ModelTools.cpp">
      <Filter>Source\Graphics\Model</Filter>
    </ClCompile>
    <ClCompile Include="..\src\Graphics\Model\Skybox.cpp">
      <Filter>Source\Graphics\Model</Filter>
    </ClCompile>
    <ClCompile Include="..\src\Graphics\Model\TerrainModel.cpp">
      <Filter>Source\Graphics\Model</Filter>
    </ClCompile>
    <ClCompile Include="..\src\Graphics\Shader\LightStructs.cpp">
      <Filter>Source\Graphics\Shader</Filter>
    </ClCompile>
    <ClCompile Include="..\src\Graphics\Shader\ShaderBase.cpp">
      <Filter>Source\Graphics\Shader</Filter>
    </ClCompile>
    <ClCompile Include="..\src\Graphics\Shader\ShaderColor.cpp">
      <Filter>Source\Graphics\Shader</Filter>
    </ClCompile>
    <ClCompile Include="..\src\Graphics\Shader\ShaderColorLight.cpp">
      <Filter>Source\Graphics\Shader</Filter>
    </ClCompile>
    <ClCompile Include="..\src\Graphics\Shader\ShaderColorLightTexture.cpp">
      <Filter>Source\Graphics\Shader</Filter>
    </ClCompile>
    <ClCompile Include="..\src\Graphics\Shader\ShaderTexture.cpp">
      <Filter>Source\Graphics\Shader</Filter>
    </ClCompile>
    <ClCompile Include="..\src\Graphics\Shader\ShaderWireframe.cpp">
      <Filter>Source\Graphics\Shader</Filter>
    </ClCompile>
    <ClCompile Include="..\src\Graphics\Texture\Texture.cpp">
      <Filter>Source\Graphics\Texture</Filter>
    </ClCompile>
    <ClCompile Include="..\src\Graphics\Camera.cpp">
      <Filter>Source\Graphics</Filter>
    </ClCompile>
    <ClCompile Include="..\src\Graphics\D3D_GraphicsBackend.cpp">
      <Filter>Source\Graphics</Filter>
    </ClCompile>
    <ClCompile Include="..\src\Graphics\d3dUtil.cpp">
      <Filter>Source\Graphics</Filter>
    </ClCompile>
    <ClCompile Include="..\src\Graphics\GraphicsBackend.cpp">
      <Filter>Source\Graphics</Filter>
    </ClCompile>
    <ClCompile Include="..\src\Graphics\stb_image.cpp">
      <Filter>Source\Graphics</Filter>
    </ClCompile>
    <ClCompile Include="..\src\GameTimer.cpp">
      <Filter>Source\Main DX App</Filter>
    </ClCompile>
    <ClCompile Include="..\src\Graphics\Keys.cpp">
      <Filter>Source\Graphics</Filter>
    </ClCompile>
  </ItemGroup>
  <ItemGroup>
    <CLInclude Include="resource.h">
      <Filter>Resource Files</Filter>
    </CLInclude>
    <ClInclude Include="..\dist\DXTex\include\DirectXTex.h">
      <Filter>_Libs\DXTex\include</Filter>
    </ClInclude>
    <ClInclude Include="..\dist\File\include\File.h">
      <Filter>_Libs\File\include</Filter>
    </ClInclude>
    <ClInclude Include="..\src\EyeballRing.h" />
    <ClInclude Include="..\src\Worm.h" />
    <ClInclude Include="..\src\DXApp.h">
      <Filter>Source\Main DX App</Filter>
    </ClInclude>
    <ClInclude Include="..\src\Graphics\GraphicObject\GraphicObject_Base.h">
      <Filter>Source\Graphics\GraphicObject</Filter>
    </ClInclude>
    <ClInclude Include="..\src\Graphics\GraphicObject\GraphicObject_Color.h">
      <Filter>Source\Graphics\GraphicObject</Filter>
    </ClInclude>
    <ClInclude Include="..\src\Graphics\GraphicObject\GraphicObject_ColorLight.h">
      <Filter>Source\Graphics\GraphicObject</Filter>
    </ClInclude>
    <ClInclude Include="..\src\Graphics\GraphicObject\GraphicObject_Sprite.h">
      <Filter>Source\Graphics\GraphicObject</Filter>
    </ClInclude>
    <ClInclude Include="..\src\Graphics\GraphicObject\GraphicObject_Texture.h">
      <Filter>Source\Graphics\GraphicObject</Filter>
    </ClInclude>
    <ClInclude Include="..\src\Graphics\GraphicObject\GraphicObject_TextureLight.h">
      <Filter>Source\Graphics\GraphicObject</Filter>
    </ClInclude>
    <ClInclude Include="..\src\Graphics\GraphicObject\GraphicObject_Wireframe.h">
      <Filter>Source\Graphics\GraphicObject</Filter>
    </ClInclude>
    <ClInclude Include="..\src\Graphics\Math\Constants.h">
      <Filter>Source\Graphics\Math</Filter>
    </ClInclude>
    <ClInclude Include="..\src\Graphics\Math\Matrix.h">
      <Filter>Source\Graphics\Math</Filter>
    </ClInclude>
    <ClInclude Include="..\src\Graphics\Math\Quat.h">
      <Filter>Source\Graphics\Math</Filter>
    </ClInclude>
    <ClInclude Include="..\src\Graphics\Math\Vect.h">
      <Filter>Source\Graphics\Math</Filter>
    </ClInclude>
    <ClInclude Include="..\src\Graphics\Model\FbxModelLoader.h">
      <Filter>Source\Graphics\Model</Filter>
    </ClInclude>
    <ClInclude Include="..\src\Graphics\Model\MeshSeparator.h">
      <Filter>Source\Graphics\Model</Filter>
    </ClInclude>
    <ClInclude Include="..\src\Graphics\Model\Model.h">
      <Filter>Source\Graphics\Model</Filter>
    </ClInclude>
    <ClInclude Include="..\src\Graphics\Model\ModelTools.h">
      <Filter>Source\Graphics\Model</Filter>
    </ClInclude>
    <ClInclude Include="..\src\Graphics\Model\Skybox.h">
      <Filter>Source\Graphics\Model</Filter>
    </ClInclude>
    <ClInclude Include="..\src\Graphics\Model\TerrainModel.h">
      <Filter>Source\Graphics\Model</Filter>
    </ClInclude>
    <ClInclude Include="..\src\Graphics\Shader\LightStructs.h">
      <Filter>Source\Graphics\Shader</Filter>
    </ClInclude>
    <ClInclude Include="..\src\Graphics\Shader\ShaderBase.h">
      <Filter>Source\Graphics\Shader</Filter>
    </ClInclude>
    <ClInclude Include="..\src\Graphics\Shader\ShaderColor.h">
      <Filter>Source\Graphics\Shader</Filter>
    </ClInclude>
    <ClInclude Include="..\src\Graphics\Shader\ShaderColorLight.h">
      <Filter>Source\Graphics\Shader</Filter>
    </ClInclude>
    <ClInclude Include="..\src\Graphics\Shader\ShaderColorLightTexture.h">
      <Filter>Source\Graphics\Shader</Filter>
    </ClInclude>
    <ClInclude Include="..\src\Graphics\Shader\ShaderTexture.h">
      <Filter>Source\Graphics\Shader</Filter>
    </ClInclude>
    <ClInclude Include="..\src\Graphics\Shader\ShaderWireframe.h">
      <Filter>Source\Graphics\Shader</Filter>
    </ClInclude>
    <ClInclude Include="..\src\Graphics\Texture\Image.h">
      <Filter>Source\Graphics\Texture</Filter>
    </ClInclude>
    <ClInclude Include="..\src\Graphics\Texture\Rect.h">
      <Filter>Source\Graphics\Texture</Filter>
    </ClInclude>
    <ClInclude Include="..\src\Graphics\Texture\Texture.h">
      <Filter>Source\Graphics\Texture</Filter>
    </ClInclude>
    <ClInclude Include="..\src\Graphics\Align16.h">
      <Filter>Source\Graphics</Filter>
    </ClInclude>
    <ClInclude Include="..\src\Graphics\Camera.h">
      <Filter>Source\Graphics</Filter>
    </ClInclude>
    <ClInclude Include="..\src\Graphics\d3dUtil.h">
      <Filter>Source\Graphics</Filter>
    </ClInclude>
    <ClInclude Include="..\src\Graphics\GraphicsBackend.h">
      <Filter>Source\Graphics</Filter>
    </ClInclude>
    <ClInclude Include="..\src\Graphics\stb_image.h">
      <Filter>Source\Graphics</Filter>
    </ClInclude>
    <ClInclude Include="..\src\GameTimer.h">
      <Filter>Source\Main DX App</Filter>
    </ClInclude>
    <ClInclude Include="..\src\Graphics\Keys.h">
      <Filter>Source\Graphics</Filter>
    </ClInclude>
    <ClInclude Include="..\src\Graphics\Model\AzulFileHdr.h">
      <Filter>Source\Graphics\Model</Filter>
    </ClInclude>
    <ClInclude Include="..\src\Graphics\VKeys.h">
      <Filter>Source\Graphics</Filter>
    </ClInclude>
  </ItemGroup>
  <ItemGroup>
    <Library Include="..\dist\DXTex\lib\DirectXTex.lib">
      <Filter>_Libs\DXTex\lib</Filter>
    </Library>
    <Library Include="..\dist\File\lib\File_Debug.lib">
      <Filter>_Libs\File\lib</Filter>
    </Library>
  </ItemGroup>
  <ItemGroup>
    <FxCompile Include="..\Assets\Shaders\SimpleColor.hlsl">
      <Filter>Shaders</Filter>
    </FxCompile>
    <FxCompile Include="..\Assets\Shaders\SimpleColorPlus.hlsl">
      <Filter>Shaders</Filter>
    </FxCompile>
    <FxCompile Include="..\Assets\Shaders\ColorSelected.hlsl">
      <Filter>Shaders</Filter>
    </FxCompile>
    <FxCompile Include="..\Assets\Shaders\SimpleColor3D.hlsl">
      <Filter>Shaders</Filter>
    </FxCompile>
    <FxCompile Include="..\Assets\Shaders\ColorSelected3D.hlsl">
      <Filter>Shaders</Filter>
    </FxCompile>
    <FxCompile Include="..\Assets\Shaders\Texture.hlsl">
      <Filter>Shaders</Filter>
    </FxCompile>
    <FxCompile Include="..\Assets\Shaders\ColorLight.hlsl">
      <Filter>Shaders</Filter>
    </FxCompile>
    <FxCompile Include="..\Assets\Shaders\ColorLightTexture.hlsl">
      <Filter>Shaders</Filter>
    </FxCompile>
  </ItemGroup>
  <ItemGroup>
    <ResourceCompile Include="DXApplication.rc">
      <Filter>Resource Files</Filter>
    </ResourceCompile>
  </ItemGroup>
  <ItemGroup>
    <None Include="..\Diagrams\Meshes.cd">
      <Filter>Diagrams</Filter>
    </None>
  </ItemGroup>
</Project>